
Microsoft Visual Studio Solution File, Format Version 12.00
# Visual Studio Version 17
VisualStudioVersion = 17.6.33417.168
MinimumVisualStudioVersion = 10.0.40219.1
Project("{FAE04EC0-301F-11D3-BF4B-00C04F79EFBC}") = "RubiksCube.Engine", "RubiksCube.Engine\RubiksCube.Engine.csproj", "{BA81A4CE-0C15-4A78-96D5-E207C834C42D}"
EndProject
Project("{FAE04EC0-301F-11D3-BF4B-00C04F79EFBC}") = "RubiksCube.Engine.Tests", "RubiksCube.Engine.Tests\RubiksCube.Engine.Tests.csproj", "{A9239F72-F6A1-40E0-A36D-6A30CEBD9E8A}"
EndProject
Global
	GlobalSection(SolutionConfigurationPlatforms) = preSolution
		Debug|Any CPU = Debug|Any CPU
		Release|Any CPU = Release|Any CPU
	EndGlobalSection
	GlobalSection(ProjectConfigurationPlatforms) = postSolution
		{BA81A4CE-0C15-4A78-96D5-E207C834C42D}.Debug|Any CPU.ActiveCfg = Debug|Any CPU
		{BA81A4CE-0C15-4A78-96D5-E207C834C42D}.Debug|Any CPU.Build.0 = Debug|Any CPU
		{BA81A4CE-0C15-4A78-96D5-E207C834C42D}.Release|Any CPU.ActiveCfg = Release|Any CPU
		{BA81A4CE-0C15-4A78-96D5-E207C834C42D}.Release|Any CPU.Build.0 = Release|Any CPU
		{A9239F72-F6A1-40E0-A36D-6A30CEBD9E8A}.Debug|Any CPU.ActiveCfg = Debug|Any CPU
		{A9239F72-F6A1-40E0-A36D-6A30CEBD9E8A}.Debug|Any CPU.Build.0 = Debug|Any CPU
		{A9239F72-F6A1-40E0-A36D-6A30CEBD9E8A}.Release|Any CPU.ActiveCfg = Release|Any CPU
		{A9239F72-F6A1-40E0-A36D-6A30CEBD9E8A}.Release|Any CPU.Build.0 = Release|Any CPU
	EndGlobalSection
	GlobalSection(SolutionProperties) = preSolution
		HideSolutionNode = FALSE
	EndGlobalSection
	GlobalSection(ExtensibilityGlobals) = postSolution
		SolutionGuid = {F695001F-249E-4345-B13F-1E62D31D5660}
	EndGlobalSection
EndGlobal
